
Microsoft Visual Studio Solution File, Format Version 12.00
# Visual Studio 15
VisualStudioVersion = 15.0.26730.12
MinimumVisualStudioVersion = 10.0.40219.1
Project("{8BC9CEB8-8B4A-11D0-8D11-00A0C91BC942}") = "russian-writer", "russian-writer\russian-writer.vcxproj", "{5CE4F54A-54FA-4330-BB96-38392D04B28A}"
EndProject
Global
	GlobalSection(SolutionConfigurationPlatforms) = preSolution
		Debug|x64 = Debug|x64
		Debug|x86 = Debug|x86
		Release|x64 = Release|x64
		Release|x86 = Release|x86
	EndGlobalSection
	GlobalSection(ProjectConfigurationPlatforms) = postSolution
		{5CE4F54A-54FA-4330-BB96-38392D04B28A}.Debug|x64.ActiveCfg = Debug|x64
		{5CE4F54A-54FA-4330-BB96-38392D04B28A}.Debug|x64.Build.0 = Debug|x64
		{5CE4F54A-54FA-4330-BB96-38392D04B28A}.Debug|x86.ActiveCfg = Debug|Win32
		{5CE4F54A-54FA-4330-BB96-38392D04B28A}.Debug|x86.Build.0 = Debug|Win32
		{5CE4F54A-54FA-4330-BB96-38392D04B28A}.Release|x64.ActiveCfg = Release|x64
		{5CE4F54A-54FA-4330-BB96-38392D04B28A}.Release|x64.Build.0 = Release|x64
		{5CE4F54A-54FA-4330-BB96-38392D04B28A}.Release|x86.ActiveCfg = Release|Win32
		{5CE4F54A-54FA-4330-BB96-38392D04B28A}.Release|x86.Build.0 = Release|Win32
	EndGlobalSection
	GlobalSection(SolutionProperties) = preSolution
		HideSolutionNode = FALSE
	EndGlobalSection
	GlobalSection(ExtensibilityGlobals) = postSolution
		SolutionGuid = {6751F0EA-5E4D-41DB-BA64-B7C2968A7794}
	EndGlobalSection
EndGlobal
